
Microsoft Visual Studio Solution File, Format Version 12.00
# Visual Studio 2013
VisualStudioVersion = 12.0.31101.0
MinimumVisualStudioVersion = 10.0.40219.1
Project("{FAE04EC0-301F-11D3-BF4B-00C04F79EFBC}") = "CodeFirstDemo", "CodeFirstDemo\CodeFirstDemo.csproj", "{98914111-1343-46AB-99AE-0599E1FAE15E}"
EndProject
Project("{FAE04EC0-301F-11D3-BF4B-00C04F79EFBC}") = "CodeFirstDemo.Tests", "CodeFirstDemo.Tests\CodeFirstDemo.Tests.csproj", "{431A012C-CF39-40F7-B576-53A176688945}"
EndProject
Global
	GlobalSection(SolutionConfigurationPlatforms) = preSolution
		Debug|Any CPU = Debug|Any CPU
		Release|Any CPU = Release|Any CPU
	EndGlobalSection
	GlobalSection(ProjectConfigurationPlatforms) = postSolution
		{98914111-1343-46AB-99AE-0599E1FAE15E}.Debug|Any CPU.ActiveCfg = Debug|Any CPU
		{98914111-1343-46AB-99AE-0599E1FAE15E}.Debug|Any CPU.Build.0 = Debug|Any CPU
		{98914111-1343-46AB-99AE-0599E1FAE15E}.Release|Any CPU.ActiveCfg = Release|Any CPU
		{98914111-1343-46AB-99AE-0599E1FAE15E}.Release|Any CPU.Build.0 = Release|Any CPU
		{431A012C-CF39-40F7-B576-53A176688945}.Debug|Any CPU.ActiveCfg = Debug|Any CPU
		{431A012C-CF39-40F7-B576-53A176688945}.Debug|Any CPU.Build.0 = Debug|Any CPU
		{431A012C-CF39-40F7-B576-53A176688945}.Release|Any CPU.ActiveCfg = Release|Any CPU
		{431A012C-CF39-40F7-B576-53A176688945}.Release|Any CPU.Build.0 = Release|Any CPU
	EndGlobalSection
	GlobalSection(SolutionProperties) = preSolution
		HideSolutionNode = FALSE
	EndGlobalSection
EndGlobal
